<Solution>
  <Folder Name="/src/">
    <Project Path="src/XivArcade.Core/XivArcade.Core.csproj" />
    <Project Path="src/XivArcade.Plugin/XivArcade.Plugin.csproj" />
  </Folder>
  <Folder Name="/tests/">
    <Project Path="tests/XivArcade.Core.Tests/XivArcade.Core.Tests.csproj" />
  </Folder>
</Solution>
